
Microsoft Visual Studio Solution File, Format Version 12.00
# Visual Studio Version 17
VisualStudioVersion = 17.2.32616.157
MinimumVisualStudioVersion = 10.0.40219.1
Project("{FAE04EC0-301F-11D3-BF4B-00C04F79EFBC}") = "ExportacionDatos_OpenXML", "ExportacionDatos_OpenXML.csproj", "{D9D164A2-975D-49D1-8144-C87C168B10B3}"
EndProject
Global
	GlobalSection(SolutionConfigurationPlatforms) = preSolution
		Debug|Any CPU = Debug|Any CPU
		Release|Any CPU = Release|Any CPU
	EndGlobalSection
	GlobalSection(ProjectConfigurationPlatforms) = postSolution
		{D9D164A2-975D-49D1-8144-C87C168B10B3}.Debug|Any CPU.ActiveCfg = Debug|Any CPU
		{D9D164A2-975D-49D1-8144-C87C168B10B3}.Debug|Any CPU.Build.0 = Debug|Any CPU
		{D9D164A2-975D-49D1-8144-C87C168B10B3}.Release|Any CPU.ActiveCfg = Release|Any CPU
		{D9D164A2-975D-49D1-8144-C87C168B10B3}.Release|Any CPU.Build.0 = Release|Any CPU
	EndGlobalSection
	GlobalSection(SolutionProperties) = preSolution
		HideSolutionNode = FALSE
	EndGlobalSection
	GlobalSection(ExtensibilityGlobals) = postSolution
		SolutionGuid = {8E12ED2D-755E-49BE-AC85-CEA23DBA893E}
	EndGlobalSection
EndGlobal
